
Microsoft Visual Studio Solution File, Format Version 12.00
# Visual Studio Version 17
VisualStudioVersion = 17.0.32014.148
MinimumVisualStudioVersion = 10.0.40219.1
Project("{FAE04EC0-301F-11D3-BF4B-00C04F79EFBC}") = "Task4", "Task4\Task4.csproj", "{22E7FC91-55FF-454C-8C8A-F7C304A61107}"
EndProject
Global
	GlobalSection(SolutionConfigurationPlatforms) = preSolution
		Debug|Any CPU = Debug|Any CPU
		Release|Any CPU = Release|Any CPU
	EndGlobalSection
	GlobalSection(ProjectConfigurationPlatforms) = postSolution
		{22E7FC91-55FF-454C-8C8A-F7C304A61107}.Debug|Any CPU.ActiveCfg = Debug|Any CPU
		{22E7FC91-55FF-454C-8C8A-F7C304A61107}.Debug|Any CPU.Build.0 = Debug|Any CPU
		{22E7FC91-55FF-454C-8C8A-F7C304A61107}.Release|Any CPU.ActiveCfg = Release|Any CPU
		{22E7FC91-55FF-454C-8C8A-F7C304A61107}.Release|Any CPU.Build.0 = Release|Any CPU
	EndGlobalSection
	GlobalSection(SolutionProperties) = preSolution
		HideSolutionNode = FALSE
	EndGlobalSection
	GlobalSection(ExtensibilityGlobals) = postSolution
		SolutionGuid = {B306DDF0-BF73-4A40-9CF7-21DA176032DC}
	EndGlobalSection
EndGlobal
