
Microsoft Visual Studio Solution File, Format Version 12.00
# Visual Studio Version 17
VisualStudioVersion = 17.7.33808.371
MinimumVisualStudioVersion = 10.0.40219.1
Project("{FAE04EC0-301F-11D3-BF4B-00C04F79EFBC}") = "JWTAuthentication", "JWTAuthentication\JWTAuthentication.csproj", "{E3AF43DE-FCA3-40BD-82C8-8F79BDC47197}"
EndProject
Global
	GlobalSection(SolutionConfigurationPlatforms) = preSolution
		Debug|Any CPU = Debug|Any CPU
		Release|Any CPU = Release|Any CPU
	EndGlobalSection
	GlobalSection(ProjectConfigurationPlatforms) = postSolution
		{E3AF43DE-FCA3-40BD-82C8-8F79BDC47197}.Debug|Any CPU.ActiveCfg = Debug|Any CPU
		{E3AF43DE-FCA3-40BD-82C8-8F79BDC47197}.Debug|Any CPU.Build.0 = Debug|Any CPU
		{E3AF43DE-FCA3-40BD-82C8-8F79BDC47197}.Release|Any CPU.ActiveCfg = Release|Any CPU
		{E3AF43DE-FCA3-40BD-82C8-8F79BDC47197}.Release|Any CPU.Build.0 = Release|Any CPU
	EndGlobalSection
	GlobalSection(SolutionProperties) = preSolution
		HideSolutionNode = FALSE
	EndGlobalSection
	GlobalSection(ExtensibilityGlobals) = postSolution
		SolutionGuid = {83FB4E3E-FA20-4F29-B2C5-AE250AAFEA8C}
	EndGlobalSection
EndGlobal
