
Microsoft Visual Studio Solution File, Format Version 12.00
# Visual Studio Version 17
VisualStudioVersion = 17.0.32014.148
MinimumVisualStudioVersion = 10.0.40219.1
Project("{FAE04EC0-301F-11D3-BF4B-00C04F79EFBC}") = "Task2", "Task2\Task2.csproj", "{CEC9E30B-D967-4565-8701-3ADC7B52EB2A}"
EndProject
Global
	GlobalSection(SolutionConfigurationPlatforms) = preSolution
		Debug|Any CPU = Debug|Any CPU
		Release|Any CPU = Release|Any CPU
	EndGlobalSection
	GlobalSection(ProjectConfigurationPlatforms) = postSolution
		{CEC9E30B-D967-4565-8701-3ADC7B52EB2A}.Debug|Any CPU.ActiveCfg = Debug|Any CPU
		{CEC9E30B-D967-4565-8701-3ADC7B52EB2A}.Debug|Any CPU.Build.0 = Debug|Any CPU
		{CEC9E30B-D967-4565-8701-3ADC7B52EB2A}.Release|Any CPU.ActiveCfg = Release|Any CPU
		{CEC9E30B-D967-4565-8701-3ADC7B52EB2A}.Release|Any CPU.Build.0 = Release|Any CPU
	EndGlobalSection
	GlobalSection(SolutionProperties) = preSolution
		HideSolutionNode = FALSE
	EndGlobalSection
	GlobalSection(ExtensibilityGlobals) = postSolution
		SolutionGuid = {6F5322B1-762E-4ABC-AA9E-D045553FC300}
	EndGlobalSection
EndGlobal
