
Microsoft Visual Studio Solution File, Format Version 12.00
# Visual Studio Version 17
VisualStudioVersion = 17.0.32014.148
MinimumVisualStudioVersion = 10.0.40219.1
Project("{FAE04EC0-301F-11D3-BF4B-00C04F79EFBC}") = "Lab3", "Lab3\Lab3.csproj", "{756A2260-E7AF-4AFF-A37C-F3F20342A591}"
EndProject
Global
	GlobalSection(SolutionConfigurationPlatforms) = preSolution
		Debug|Any CPU = Debug|Any CPU
		Release|Any CPU = Release|Any CPU
	EndGlobalSection
	GlobalSection(ProjectConfigurationPlatforms) = postSolution
		{756A2260-E7AF-4AFF-A37C-F3F20342A591}.Debug|Any CPU.ActiveCfg = Debug|Any CPU
		{756A2260-E7AF-4AFF-A37C-F3F20342A591}.Debug|Any CPU.Build.0 = Debug|Any CPU
		{756A2260-E7AF-4AFF-A37C-F3F20342A591}.Release|Any CPU.ActiveCfg = Release|Any CPU
		{756A2260-E7AF-4AFF-A37C-F3F20342A591}.Release|Any CPU.Build.0 = Release|Any CPU
	EndGlobalSection
	GlobalSection(SolutionProperties) = preSolution
		HideSolutionNode = FALSE
	EndGlobalSection
	GlobalSection(ExtensibilityGlobals) = postSolution
		SolutionGuid = {ED7F0BA3-A89B-4BD4-980F-DC1385353CAC}
	EndGlobalSection
EndGlobal
