
Microsoft Visual Studio Solution File, Format Version 12.00
# Visual Studio Version 17
VisualStudioVersion = 17.0.32014.148
MinimumVisualStudioVersion = 10.0.40219.1
Project("{FAE04EC0-301F-11D3-BF4B-00C04F79EFBC}") = "Lab1_1", "Lab1_1\Lab1_1.csproj", "{5685AC60-D510-463F-B50C-395FAF523B59}"
EndProject
Global
	GlobalSection(SolutionConfigurationPlatforms) = preSolution
		Debug|Any CPU = Debug|Any CPU
		Release|Any CPU = Release|Any CPU
	EndGlobalSection
	GlobalSection(ProjectConfigurationPlatforms) = postSolution
		{5685AC60-D510-463F-B50C-395FAF523B59}.Debug|Any CPU.ActiveCfg = Debug|Any CPU
		{5685AC60-D510-463F-B50C-395FAF523B59}.Debug|Any CPU.Build.0 = Debug|Any CPU
		{5685AC60-D510-463F-B50C-395FAF523B59}.Release|Any CPU.ActiveCfg = Release|Any CPU
		{5685AC60-D510-463F-B50C-395FAF523B59}.Release|Any CPU.Build.0 = Release|Any CPU
	EndGlobalSection
	GlobalSection(SolutionProperties) = preSolution
		HideSolutionNode = FALSE
	EndGlobalSection
	GlobalSection(ExtensibilityGlobals) = postSolution
		SolutionGuid = {23B64AEA-2826-4F35-A3CB-3E6BC27B9847}
	EndGlobalSection
EndGlobal
