
Microsoft Visual Studio Solution File, Format Version 12.00
# Visual Studio Version 17
VisualStudioVersion = 17.0.32014.148
MinimumVisualStudioVersion = 10.0.40219.1
Project("{FAE04EC0-301F-11D3-BF4B-00C04F79EFBC}") = "Task7", "Task7\Task7.csproj", "{55727886-04FA-434B-BEAA-B6A66AA35E61}"
EndProject
Global
	GlobalSection(SolutionConfigurationPlatforms) = preSolution
		Debug|Any CPU = Debug|Any CPU
		Release|Any CPU = Release|Any CPU
	EndGlobalSection
	GlobalSection(ProjectConfigurationPlatforms) = postSolution
		{55727886-04FA-434B-BEAA-B6A66AA35E61}.Debug|Any CPU.ActiveCfg = Debug|Any CPU
		{55727886-04FA-434B-BEAA-B6A66AA35E61}.Debug|Any CPU.Build.0 = Debug|Any CPU
		{55727886-04FA-434B-BEAA-B6A66AA35E61}.Release|Any CPU.ActiveCfg = Release|Any CPU
		{55727886-04FA-434B-BEAA-B6A66AA35E61}.Release|Any CPU.Build.0 = Release|Any CPU
	EndGlobalSection
	GlobalSection(SolutionProperties) = preSolution
		HideSolutionNode = FALSE
	EndGlobalSection
	GlobalSection(ExtensibilityGlobals) = postSolution
		SolutionGuid = {6134555C-0EF0-4378-867E-16838A4D5E74}
	EndGlobalSection
EndGlobal
