
Microsoft Visual Studio Solution File, Format Version 12.00
# Visual Studio Version 17
VisualStudioVersion = 17.4.33213.308
MinimumVisualStudioVersion = 10.0.40219.1
Project("{FAE04EC0-301F-11D3-BF4B-00C04F79EFBC}") = "ApiVersioning_Example", "ApiVersioning_Example\ApiVersioning_Example.csproj", "{F2074A5E-E06D-4B8A-8C9C-F61D24C178AD}"
EndProject
Global
	GlobalSection(SolutionConfigurationPlatforms) = preSolution
		Debug|Any CPU = Debug|Any CPU
		Release|Any CPU = Release|Any CPU
	EndGlobalSection
	GlobalSection(ProjectConfigurationPlatforms) = postSolution
		{F2074A5E-E06D-4B8A-8C9C-F61D24C178AD}.Debug|Any CPU.ActiveCfg = Debug|Any CPU
		{F2074A5E-E06D-4B8A-8C9C-F61D24C178AD}.Debug|Any CPU.Build.0 = Debug|Any CPU
		{F2074A5E-E06D-4B8A-8C9C-F61D24C178AD}.Release|Any CPU.ActiveCfg = Release|Any CPU
		{F2074A5E-E06D-4B8A-8C9C-F61D24C178AD}.Release|Any CPU.Build.0 = Release|Any CPU
	EndGlobalSection
	GlobalSection(SolutionProperties) = preSolution
		HideSolutionNode = FALSE
	EndGlobalSection
	GlobalSection(ExtensibilityGlobals) = postSolution
		SolutionGuid = {8E1F75D1-C152-4E3C-A066-AAEAEF129D94}
	EndGlobalSection
EndGlobal
